// !$*UTF8*$!
{
	archiveVersion = 1;
	classes = {
	};
	objectVersion = 50;
	objects = {

/* Begin PBXBuildFile section */
		D61CC6D12418F27E008AB0F7 /* AppDelegate.m in Sources */ = {isa = PBXBuildFile; fileRef = D61CC6D02418F27E008AB0F7 /* AppDelegate.m */; };
		D61CC6D42418F27E008AB0F7 /* ViewController.m in Sources */ = {isa = PBXBuildFile; fileRef = D61CC6D32418F27E008AB0F7 /* ViewController.m */; };
		D61CC6D72418F27E008AB0F7 /* Main.storyboard in Resources */ = {isa = PBXBuildFile; fileRef = D61CC6D52418F27E008AB0F7 /* Main.storyboard */; };
		D61CC6D92418F286008AB0F7 /* Assets.xcassets in Resources */ = {isa = PBXBuildFile; fileRef = D61CC6D82418F286008AB0F7 /* Assets.xcassets */; };
		D61CC6DC2418F286008AB0F7 /* LaunchScreen.storyboard in Resources */ = {isa = PBXBuildFile; fileRef = D61CC6DA2418F286008AB0F7 /* LaunchScreen.storyboard */; };
		D61CC6DF2418F286008AB0F7 /* main.m in Sources */ = {isa = PBXBuildFile; fileRef = D61CC6DE2418F286008AB0F7 /* main.m */; };
		D61CC6E7241903A4008AB0F7 /* SecondViewController.m in Sources */ = {isa = PBXBuildFile; fileRef = D61CC6E6241903A4008AB0F7 /* SecondViewController.m */; };
		D61CC6EA24190DBF008AB0F7 /* Friend.m in Sources */ = {isa = PBXBuildFile; fileRef = D61CC6E924190DBF008AB0F7 /* Friend.m */; };
		D61CC6EE241911CF008AB0F7 /* img.png in Resources */ = {isa = PBXBuildFile; fileRef = D61CC6ED241911CF008AB0F7 /* img.png */; };
/* End PBXBuildFile section */

/* Begin PBXFileReference section */
		D61CC6CC2418F27E008AB0F7 /* tableViewWithNetwork.app */ = {isa = PBXFileReference; explicitFileType = wrapper.application; includeInIndex = 0; path = tableViewWithNetwork.app; sourceTree = BUILT_PRODUCTS_DIR; };
		D61CC6CF2418F27E008AB0F7 /* AppDelegate.h */ = {isa = PBXFileReference; lastKnownFileType = sourcecode.c.h; path = AppDelegate.h; sourceTree = "<group>"; };
		D61CC6D02418F27E008AB0F7 /* AppDelegate.m */ = {isa = PBXFileReference; lastKnownFileType = sourcecode.c.objc; path = AppDelegate.m; sourceTree = "<group>"; };
		D61CC6D22418F27E008AB0F7 /* ViewController.h */ = {isa = PBXFileReference; lastKnownFileType = sourcecode.c.h; path = ViewController.h; sourceTree = "<group>"; };
		D61CC6D32418F27E008AB0F7 /* ViewController.m */ = {isa = PBXFileReference; lastKnownFileType = sourcecode.c.objc; path = ViewController.m; sourceTree = "<group>"; };
		D61CC6D62418F27E008AB0F7 /* Base */ = {isa = PBXFileReference; lastKnownFileType = file.storyboard; name = Base; path = Base.lproj/Main.storyboard; sourceTree = "<group>"; };
		D61CC6D82418F286008AB0F7 /* Assets.xcassets */ = {isa = PBXFileReference; lastKnownFileType = folder.assetcatalog; path = Assets.xcassets; sourceTree = "<group>"; };
		D61CC6DB2418F286008AB0F7 /* Base */ = {isa = PBXFileReference; lastKnownFileType = file.storyboard; name = Base; path = Base.lproj/LaunchScreen.storyboard; sourceTree = "<group>"; };
		D61CC6DD2418F286008AB0F7 /* Info.plist */ = {isa = PBXFileReference; lastKnownFileType = text.plist.xml; path = Info.plist; sourceTree = "<group>"; };
		D61CC6DE2418F286008AB0F7 /* main.m */ = {isa = PBXFileReference; lastKnownFileType = sourcecode.c.objc; path = main.m; sourceTree = "<group>"; };
		D61CC6E5241903A4008AB0F7 /* SecondViewController.h */ = {isa = PBXFileReference; lastKnownFileType = sourcecode.c.h; path = SecondViewController.h; sourceTree = "<group>"; };
		D61CC6E6241903A4008AB0F7 /* SecondViewController.m */ = {isa = PBXFileReference; lastKnownFileType = sourcecode.c.objc; path = SecondViewController.m; sourceTree = "<group>"; };
		D61CC6E824190DBF008AB0F7 /* Friend.h */ = {isa = PBXFileReference; lastKnownFileType = sourcecode.c.h; path = Friend.h; sourceTree = "<group>"; };
		D61CC6E924190DBF008AB0F7 /* Friend.m */ = {isa = PBXFileReference; lastKnownFileType = sourcecode.c.objc; path = Friend.m; sourceTree = "<group>"; };
		D61CC6ED241911CF008AB0F7 /* img.png */ = {isa = PBXFileReference; lastKnownFileType = image.png; name = img.png; path = ../../../../../../../../img.png; sourceTree = "<group>"; };
/* End PBXFileReference section */

/* Begin PBXFrameworksBuildPhase section */
		D61CC6C92418F27E008AB0F7 /* Frameworks */ = {
			isa = PBXFrameworksBuildPhase;
			buildActionMask = 2147483647;
			files = (
			);
			runOnlyForDeploymentPostprocessing = 0;
		};
/* End PBXFrameworksBuildPhase section */

/* Begin PBXGroup section */
		D61CC6C32418F27E008AB0F7 = {
			isa = PBXGroup;
			children = (
				D61CC6CE2418F27E008AB0F7 /* tableViewWithNetwork */,
				D61CC6CD2418F27E008AB0F7 /* Products */,
			);
			sourceTree = "<group>";
		};
		D61CC6CD2418F27E008AB0F7 /* Products */ = {
			isa = PBXGroup;
			children = (
				D61CC6CC2418F27E008AB0F7 /* tableViewWithNetwork.app */,
			);
			name = Products;
			sourceTree = "<group>";
		};
		D61CC6CE2418F27E008AB0F7 /* tableViewWithNetwork */ = {
			isa = PBXGroup;
			children = (
				D61CC6ED241911CF008AB0F7 /* img.png */,
				D61CC6CF2418F27E008AB0F7 /* AppDelegate.h */,
				D61CC6D02418F27E008AB0F7 /* AppDelegate.m */,
				D61CC6D22418F27E008AB0F7 /* ViewController.h */,
				D61CC6D32418F27E008AB0F7 /* ViewController.m */,
				D61CC6D52418F27E008AB0F7 /* Main.storyboard */,
				D61CC6D82418F286008AB0F7 /* Assets.xcassets */,
				D61CC6DA2418F286008AB0F7 /* LaunchScreen.storyboard */,
				D61CC6DD2418F286008AB0F7 /* Info.plist */,
				D61CC6DE2418F286008AB0F7 /* main.m */,
				D61CC6E5241903A4008AB0F7 /* SecondViewController.h */,
				D61CC6E6241903A4008AB0F7 /* SecondViewController.m */,
				D61CC6E824190DBF008AB0F7 /* Friend.h */,
				D61CC6E924190DBF008AB0F7 /* Friend.m */,
			);
			path = tableViewWithNetwork;
			sourceTree = "<group>";
		};
/* End PBXGroup section */

/* Begin PBXNativeTarget section */
		D61CC6CB2418F27E008AB0F7 /* tableViewWithNetwork */ = {
			isa = PBXNativeTarget;
			buildConfigurationList = D61CC6E22418F286008AB0F7 /* Build configuration list for PBXNativeTarget "tableViewWithNetwork" */;
			buildPhases = (
				D61CC6C82418F27E008AB0F7 /* Sources */,
				D61CC6C92418F27E008AB0F7 /* Frameworks */,
				D61CC6CA2418F27E008AB0F7 /* Resources */,
			);
			buildRules = (
			);
			dependencies = (
			);
			name = tableViewWithNetwork;
			productName = tableViewWithNetwork;
			productReference = D61CC6CC2418F27E008AB0F7 /* tableViewWithNetwork.app */;
			productType = "com.apple.product-type.application";
		};
/* End PBXNativeTarget section */

/* Begin PBXProject section */
		D61CC6C42418F27E008AB0F7 /* Project object */ = {
			isa = PBXProject;
			attributes = {
				LastUpgradeCheck = 1010;
				ORGANIZATIONNAME = ITI;
				TargetAttributes = {
					D61CC6CB2418F27E008AB0F7 = {
						CreatedOnToolsVersion = 10.1;
					};
				};
			};
			buildConfigurationList = D61CC6C72418F27E008AB0F7 /* Build configuration list for PBXProject "tableViewWithNetwork" */;
			compatibilityVersion = "Xcode 9.3";
			developmentRegion = en;
			hasScannedForEncodings = 0;
			knownRegions = (
				en,
				Base,
			);
			mainGroup = D61CC6C32418F27E008AB0F7;
			productRefGroup = D61CC6CD2418F27E008AB0F7 /* Products */;
			projectDirPath = "";
			projectRoot = "";
			targets = (
				D61CC6CB2418F27E008AB0F7 /* tableViewWithNetwork */,
			);
		};
/* End PBXProject section */

/* Begin PBXResourcesBuildPhase section */
		D61CC6CA2418F27E008AB0F7 /* Resources */ = {
			isa = PBXResourcesBuildPhase;
			buildActionMask = 2147483647;
			files = (
				D61CC6EE241911CF008AB0F7 /* img.png in Resources */,
				D61CC6DC2418F286008AB0F7 /* LaunchScreen.storyboard in Resources */,
				D61CC6D92418F286008AB0F7 /* Assets.xcassets in Resources */,
				D61CC6D72418F27E008AB0F7 /* Main.storyboard in Resources */,
			);
			runOnlyForDeploymentPostprocessing = 0;
		};
/* End PBXResourcesBuildPhase section */

/* Begin PBXSourcesBuildPhase section */
		D61CC6C82418F27E008AB0F7 /* Sources */ = {
			isa = PBXSourcesBuildPhase;
			buildActionMask = 2147483647;
			files = (
				D61CC6E7241903A4008AB0F7 /* SecondViewController.m in Sources */,
				D61CC6EA24190DBF008AB0F7 /* Friend.m in Sources */,
				D61CC6D42418F27E008AB0F7 /* ViewController.m in Sources */,
				D61CC6DF2418F286008AB0F7 /* main.m in Sources */,
				D61CC6D12418F27E008AB0F7 /* AppDelegate.m in Sources */,
			);
			runOnlyForDeploymentPostprocessing = 0;
		};
/* End PBXSourcesBuildPhase section */

/* Begin PBXVariantGroup section */
		D61CC6D52418F27E008AB0F7 /* Main.storyboard */ = {
			isa = PBXVariantGroup;
			children = (
				D61CC6D62418F27E008AB0F7 /* Base */,
			);
			name = Main.storyboard;
			sourceTree = "<group>";
		};
		D61CC6DA2418F286008AB0F7 /* LaunchScreen.storyboard */ = {
			isa = PBXVariantGroup;
			children = (
				D61CC6DB2418F286008AB0F7 /* Base */,
			);
			name = LaunchScreen.storyboard;
			sourceTree = "<group>";
		};
/* End PBXVariantGroup section */

/* Begin XCBuildConfiguration section */
		D61CC6E02418F286008AB0F7 /* Debug */ = {
			isa = XCBuildConfiguration;
			buildSettings = {
				ALWAYS_SEARCH_USER_PATHS = NO;
				CLANG_ANALYZER_NONNULL = YES;
				CLANG_ANALYZER_NUMBER_OBJECT_CONVERSION = YES_AGGRESSIVE;
				CLANG_CXX_LANGUAGE_STANDARD = "gnu++14";
				CLANG_CXX_LIBRARY = "libc++";
				CLANG_ENABLE_MODULES = YES;
				CLANG_ENABLE_OBJC_ARC = YES;
				CLANG_ENABLE_OBJC_WEAK = YES;
				CLANG_WARN_BLOCK_CAPTURE_AUTORELEASING = YES;
				CLANG_WARN_BOOL_CONVERSION = YES;
				CLANG_WARN_COMMA = YES;
				CLANG_WARN_CONSTANT_CONVERSION = YES;
				CLANG_WARN_DEPRECATED_OBJC_IMPLEMENTATIONS = YES;
				CLANG_WARN_DIRECT_OBJC_ISA_USAGE = YES_ERROR;
				CLANG_WARN_DOCUMENTATION_COMMENTS = YES;
				CLANG_WARN_EMPTY_BODY = YES;
				CLANG_WARN_ENUM_CONVERSION = YES;
				CLANG_WARN_INFINITE_RECURSION = YES;
				CLANG_WARN_INT_CONVERSION = YES;
				CLANG_WARN_NON_LITERAL_NULL_CONVERSION = YES;
				CLANG_WARN_OBJC_IMPLICIT_RETAIN_SELF = YES;
				CLANG_WARN_OBJC_LITERAL_CONVERSION = YES;
				CLANG_WARN_OBJC_ROOT_CLASS = YES_ERROR;
				CLANG_WARN_RANGE_LOOP_ANALYSIS = YES;
				CLANG_WARN_STRICT_PROTOTYPES = YES;
				CLANG_WARN_SUSPICIOUS_MOVE = YES;
				CLANG_WARN_UNGUARDED_AVAILABILITY = YES_AGGRESSIVE;
				CLANG_WARN_UNREACHABLE_CODE = YES;
				CLANG_WARN__DUPLICATE_METHOD_MATCH = YES;
				CODE_SIGN_IDENTITY = "iPhone Developer";
				COPY_PHASE_STRIP = NO;
				DEBUG_INFORMATION_FORMAT = dwarf;
				ENABLE_STRICT_OBJC_MSGSEND = YES;
				ENABLE_TESTABILITY = YES;
				GCC_C_LANGUAGE_STANDARD = gnu11;
				GCC_DYNAMIC_NO_PIC = NO;
				GCC_NO_COMMON_BLOCKS = YES;
				GCC_OPTIMIZATION_LEVEL = 0;
				GCC_PREPROCESSOR_DEFINITIONS = (
					"DEBUG=1",
					"$(inherited)",
				);
				GCC_WARN_64_TO_32_BIT_CONVERSION = YES;
				GCC_WARN_ABOUT_RETURN_TYPE = YES_ERROR;
				GCC_WARN_UNDECLARED_SELECTOR = YES;
				GCC_WARN_UNINITIALIZED_AUTOS = YES_AGGRESSIVE;
				GCC_WARN_UNUSED_FUNCTION = YES;
				GCC_WARN_UNUSED_VARIABLE = YES;
				IPHONEOS_DEPLOYMENT_TARGET = 12.1;
				MTL_ENABLE_DEBUG_INFO = INCLUDE_SOURCE;
				MTL_FAST_MATH = YES;
				ONLY_ACTIVE_ARCH = YES;
				SDKROOT = iphoneos;
			};
			name = Debug;
		};
		D61CC6E12418F286008AB0F7 /* Release */ = {
			isa = XCBuildConfiguration;
			buildSettings = {
				ALWAYS_SEARCH_USER_PATHS = NO;
				CLANG_ANALYZER_NONNULL = YES;
				CLANG_ANALYZER_NUMBER_OBJECT_CONVERSION = YES_AGGRESSIVE;
				CLANG_CXX_LANGUAGE_STANDARD = "gnu++14";
				CLANG_CXX_LIBRARY = "libc++";
				CLANG_ENABLE_MODULES = YES;
				CLANG_ENABLE_OBJC_ARC = YES;
				CLANG_ENABLE_OBJC_WEAK = YES;
				CLANG_WARN_BLOCK_CAPTURE_AUTORELEASING = YES;
				CLANG_WARN_BOOL_CONVERSION = YES;
				CLANG_WARN_COMMA = YES;
				CLANG_WARN_CONSTANT_CONVERSION = YES;
				CLANG_WARN_DEPRECATED_OBJC_IMPLEMENTATIONS = YES;
				CLANG_WARN_DIRECT_OBJC_ISA_USAGE = YES_ERROR;
				CLANG_WARN_DOCUMENTATION_COMMENTS = YES;
				CLANG_WARN_EMPTY_BODY = YES;
				CLANG_WARN_ENUM_CONVERSION = YES;
				CLANG_WARN_INFINITE_RECURSION = YES;
				CLANG_WARN_INT_CONVERSION = YES;
				CLANG_WARN_NON_LITERAL_NULL_CONVERSION = YES;
				CLANG_WARN_OBJC_IMPLICIT_RETAIN_SELF = YES;
				CLANG_WARN_OBJC_LITERAL_CONVERSION = YES;
				CLANG_WARN_OBJC_ROOT_CLASS = YES_ERROR;
				CLANG_WARN_RANGE_LOOP_ANALYSIS = YES;
				CLANG_WARN_STRICT_PROTOTYPES = YES;
				CLANG_WARN_SUSPICIOUS_MOVE = YES;
				CLANG_WARN_UNGUARDED_AVAILABILITY = YES_AGGRESSIVE;
				CLANG_WARN_UNREACHABLE_CODE = YES;
				CLANG_WARN__DUPLICATE_METHOD_MATCH = YES;
				CODE_SIGN_IDENTITY = "iPhone Developer";
				COPY_PHASE_STRIP = NO;
				DEBUG_INFORMATION_FORMAT = "dwarf-with-dsym";
				ENABLE_NS_ASSERTIONS = NO;
				ENABLE_STRICT_OBJC_MSGSEND = YES;
				GCC_C_LANGUAGE_STANDARD = gnu11;
				GCC_NO_COMMON_BLOCKS = YES;
				GCC_WARN_64_TO_32_BIT_CONVERSION = YES;
				GCC_WARN_ABOUT_RETURN_TYPE = YES_ERROR;
				GCC_WARN_UNDECLARED_SELECTOR = YES;
				GCC_WARN_UNINITIALIZED_AUTOS = YES_AGGRESSIVE;
				GCC_WARN_UNUSED_FUNCTION = YES;
				GCC_WARN_UNUSED_VARIABLE = YES;
				IPHONEOS_DEPLOYMENT_TARGET = 12.1;
				MTL_ENABLE_DEBUG_INFO = NO;
				MTL_FAST_MATH = YES;
				SDKROOT = iphoneos;
				VALIDATE_PRODUCT = YES;
			};
			name = Release;
		};
		D61CC6E32418F286008AB0F7 /* Debug */ = {
			isa = XCBuildConfiguration;
			buildSettings = {
				ASSETCATALOG_COMPILER_APPICON_NAME = AppIcon;
				CODE_SIGN_STYLE = Automatic;
				INFOPLIST_FILE = tableViewWithNetwork/Info.plist;
				LD_RUNPATH_SEARCH_PATHS = (
					"$(inherited)",
					"@executable_path/Frameworks",
				);
				PRODUCT_BUNDLE_IDENTIFIER = JETS.tableViewWithNetwork;
				PRODUCT_NAME = "$(TARGET_NAME)";
				TARGETED_DEVICE_FAMILY = "1,2";
			};
			name = Debug;
		};
		D61CC6E42418F286008AB0F7 /* Release */ = {
			isa = XCBuildConfiguration;
			buildSettings = {
				ASSETCATALOG_COMPILER_APPICON_NAME = AppIcon;
				CODE_SIGN_STYLE = Automatic;
				INFOPLIST_FILE = tableViewWithNetwork/Info.plist;
				LD_RUNPATH_SEARCH_PATHS = (
					"$(inherited)",
					"@executable_path/Frameworks",
				);
				PRODUCT_BUNDLE_IDENTIFIER = JETS.tableViewWithNetwork;
				PRODUCT_NAME = "$(TARGET_NAME)";
				TARGETED_DEVICE_FAMILY = "1,2";
			};
			name = Release;
		};
/* End XCBuildConfiguration section */

/* Begin XCConfigurationList section */
		D61CC6C72418F27E008AB0F7 /* Build configuration list for PBXProject "tableViewWithNetwork" */ = {
			isa = XCConfigurationList;
			buildConfigurations = (
				D61CC6E02418F286008AB0F7 /* Debug */,
				D61CC6E12418F286008AB0F7 /* Release */,
			);
			defaultConfigurationIsVisible = 0;
			defaultConfigurationName = Release;
		};
		D61CC6E22418F286008AB0F7 /* Build configuration list for PBXNativeTarget "tableViewWithNetwork" */ = {
			isa = XCConfigurationList;
			buildConfigurations = (
				D61CC6E32418F286008AB0F7 /* Debug */,
				D61CC6E42418F286008AB0F7 /* Release */,
			);
			defaultConfigurationIsVisible = 0;
			defaultConfigurationName = Release;
		};
/* End XCConfigurationList section */
	};
	rootObject = D61CC6C42418F27E008AB0F7 /* Project object */;
}
