// !$*UTF8*$!
{
	archiveVersion = 1;
	classes = {
	};
	objectVersion = 50;
	objects = {

/* Begin PBXBuildFile section */
		DC57C05A24164F5500053931 /* AppDelegate.m in Sources */ = {isa = PBXBuildFile; fileRef = DC57C05924164F5500053931 /* AppDelegate.m */; };
		DC57C05D24164F5500053931 /* SceneDelegate.m in Sources */ = {isa = PBXBuildFile; fileRef = DC57C05C24164F5500053931 /* SceneDelegate.m */; };
		DC57C06024164F5500053931 /* ViewController.m in Sources */ = {isa = PBXBuildFile; fileRef = DC57C05F24164F5500053931 /* ViewController.m */; };
		DC57C06324164F5500053931 /* Main.storyboard in Resources */ = {isa = PBXBuildFile; fileRef = DC57C06124164F5500053931 /* Main.storyboard */; };
		DC57C06524164F5F00053931 /* Assets.xcassets in Resources */ = {isa = PBXBuildFile; fileRef = DC57C06424164F5F00053931 /* Assets.xcassets */; };
		DC57C06824164F5F00053931 /* LaunchScreen.storyboard in Resources */ = {isa = PBXBuildFile; fileRef = DC57C06624164F5F00053931 /* LaunchScreen.storyboard */; };
		DC57C06B24164F5F00053931 /* main.m in Sources */ = {isa = PBXBuildFile; fileRef = DC57C06A24164F5F00053931 /* main.m */; };
/* End PBXBuildFile section */

/* Begin PBXFileReference section */
		DC57C05524164F5500053931 /* BouncBall.app */ = {isa = PBXFileReference; explicitFileType = wrapper.application; includeInIndex = 0; path = BouncBall.app; sourceTree = BUILT_PRODUCTS_DIR; };
		DC57C05824164F5500053931 /* AppDelegate.h */ = {isa = PBXFileReference; lastKnownFileType = sourcecode.c.h; path = AppDelegate.h; sourceTree = "<group>"; };
		DC57C05924164F5500053931 /* AppDelegate.m */ = {isa = PBXFileReference; lastKnownFileType = sourcecode.c.objc; path = AppDelegate.m; sourceTree = "<group>"; };
		DC57C05B24164F5500053931 /* SceneDelegate.h */ = {isa = PBXFileReference; lastKnownFileType = sourcecode.c.h; path = SceneDelegate.h; sourceTree = "<group>"; };
		DC57C05C24164F5500053931 /* SceneDelegate.m */ = {isa = PBXFileReference; lastKnownFileType = sourcecode.c.objc; path = SceneDelegate.m; sourceTree = "<group>"; };
		DC57C05E24164F5500053931 /* ViewController.h */ = {isa = PBXFileReference; lastKnownFileType = sourcecode.c.h; path = ViewController.h; sourceTree = "<group>"; };
		DC57C05F24164F5500053931 /* ViewController.m */ = {isa = PBXFileReference; lastKnownFileType = sourcecode.c.objc; path = ViewController.m; sourceTree = "<group>"; };
		DC57C06224164F5500053931 /* Base */ = {isa = PBXFileReference; lastKnownFileType = file.storyboard; name = Base; path = Base.lproj/Main.storyboard; sourceTree = "<group>"; };
		DC57C06424164F5F00053931 /* Assets.xcassets */ = {isa = PBXFileReference; lastKnownFileType = folder.assetcatalog; path = Assets.xcassets; sourceTree = "<group>"; };
		DC57C06724164F5F00053931 /* Base */ = {isa = PBXFileReference; lastKnownFileType = file.storyboard; name = Base; path = Base.lproj/LaunchScreen.storyboard; sourceTree = "<group>"; };
		DC57C06924164F5F00053931 /* Info.plist */ = {isa = PBXFileReference; lastKnownFileType = text.plist.xml; path = Info.plist; sourceTree = "<group>"; };
		DC57C06A24164F5F00053931 /* main.m */ = {isa = PBXFileReference; lastKnownFileType = sourcecode.c.objc; path = main.m; sourceTree = "<group>"; };
/* End PBXFileReference section */

/* Begin PBXFrameworksBuildPhase section */
		DC57C05224164F5500053931 /* Frameworks */ = {
			isa = PBXFrameworksBuildPhase;
			buildActionMask = 2147483647;
			files = (
			);
			runOnlyForDeploymentPostprocessing = 0;
		};
/* End PBXFrameworksBuildPhase section */

/* Begin PBXGroup section */
		DC57C04C24164F5500053931 = {
			isa = PBXGroup;
			children = (
				DC57C05724164F5500053931 /* BouncBall */,
				DC57C05624164F5500053931 /* Products */,
			);
			sourceTree = "<group>";
		};
		DC57C05624164F5500053931 /* Products */ = {
			isa = PBXGroup;
			children = (
				DC57C05524164F5500053931 /* BouncBall.app */,
			);
			name = Products;
			sourceTree = "<group>";
		};
		DC57C05724164F5500053931 /* BouncBall */ = {
			isa = PBXGroup;
			children = (
				DC57C05824164F5500053931 /* AppDelegate.h */,
				DC57C05924164F5500053931 /* AppDelegate.m */,
				DC57C05B24164F5500053931 /* SceneDelegate.h */,
				DC57C05C24164F5500053931 /* SceneDelegate.m */,
				DC57C05E24164F5500053931 /* ViewController.h */,
				DC57C05F24164F5500053931 /* ViewController.m */,
				DC57C06124164F5500053931 /* Main.storyboard */,
				DC57C06424164F5F00053931 /* Assets.xcassets */,
				DC57C06624164F5F00053931 /* LaunchScreen.storyboard */,
				DC57C06924164F5F00053931 /* Info.plist */,
				DC57C06A24164F5F00053931 /* main.m */,
			);
			path = BouncBall;
			sourceTree = "<group>";
		};
/* End PBXGroup section */

/* Begin PBXNativeTarget section */
		DC57C05424164F5500053931 /* BouncBall */ = {
			isa = PBXNativeTarget;
			buildConfigurationList = DC57C06E24164F6000053931 /* Build configuration list for PBXNativeTarget "BouncBall" */;
			buildPhases = (
				DC57C05124164F5500053931 /* Sources */,
				DC57C05224164F5500053931 /* Frameworks */,
				DC57C05324164F5500053931 /* Resources */,
			);
			buildRules = (
			);
			dependencies = (
			);
			name = BouncBall;
			productName = BouncBall;
			productReference = DC57C05524164F5500053931 /* BouncBall.app */;
			productType = "com.apple.product-type.application";
		};
/* End PBXNativeTarget section */

/* Begin PBXProject section */
		DC57C04D24164F5500053931 /* Project object */ = {
			isa = PBXProject;
			attributes = {
				LastUpgradeCheck = 1130;
				ORGANIZATIONNAME = Ashraf;
				TargetAttributes = {
					DC57C05424164F5500053931 = {
						CreatedOnToolsVersion = 11.3.1;
					};
				};
			};
			buildConfigurationList = DC57C05024164F5500053931 /* Build configuration list for PBXProject "BouncBall" */;
			compatibilityVersion = "Xcode 9.3";
			developmentRegion = en;
			hasScannedForEncodings = 0;
			knownRegions = (
				en,
				Base,
			);
			mainGroup = DC57C04C24164F5500053931;
			productRefGroup = DC57C05624164F5500053931 /* Products */;
			projectDirPath = "";
			projectRoot = "";
			targets = (
				DC57C05424164F5500053931 /* BouncBall */,
			);
		};
/* End PBXProject section */

/* Begin PBXResourcesBuildPhase section */
		DC57C05324164F5500053931 /* Resources */ = {
			isa = PBXResourcesBuildPhase;
			buildActionMask = 2147483647;
			files = (
				DC57C06824164F5F00053931 /* LaunchScreen.storyboard in Resources */,
				DC57C06524164F5F00053931 /* Assets.xcassets in Resources */,
				DC57C06324164F5500053931 /* Main.storyboard in Resources */,
			);
			runOnlyForDeploymentPostprocessing = 0;
		};
/* End PBXResourcesBuildPhase section */

/* Begin PBXSourcesBuildPhase section */
		DC57C05124164F5500053931 /* Sources */ = {
			isa = PBXSourcesBuildPhase;
			buildActionMask = 2147483647;
			files = (
				DC57C06024164F5500053931 /* ViewController.m in Sources */,
				DC57C05A24164F5500053931 /* AppDelegate.m in Sources */,
				DC57C06B24164F5F00053931 /* main.m in Sources */,
				DC57C05D24164F5500053931 /* SceneDelegate.m in Sources */,
			);
			runOnlyForDeploymentPostprocessing = 0;
		};
/* End PBXSourcesBuildPhase section */

/* Begin PBXVariantGroup section */
		DC57C06124164F5500053931 /* Main.storyboard */ = {
			isa = PBXVariantGroup;
			children = (
				DC57C06224164F5500053931 /* Base */,
			);
			name = Main.storyboard;
			sourceTree = "<group>";
		};
		DC57C06624164F5F00053931 /* LaunchScreen.storyboard */ = {
			isa = PBXVariantGroup;
			children = (
				DC57C06724164F5F00053931 /* Base */,
			);
			name = LaunchScreen.storyboard;
			sourceTree = "<group>";
		};
/* End PBXVariantGroup section */

/* Begin XCBuildConfiguration section */
		DC57C06C24164F5F00053931 /* Debug */ = {
			isa = XCBuildConfiguration;
			buildSettings = {
				ALWAYS_SEARCH_USER_PATHS = NO;
				CLANG_ANALYZER_NONNULL = YES;
				CLANG_ANALYZER_NUMBER_OBJECT_CONVERSION = YES_AGGRESSIVE;
				CLANG_CXX_LANGUAGE_STANDARD = "gnu++14";
				CLANG_CXX_LIBRARY = "libc++";
				CLANG_ENABLE_MODULES = YES;
				CLANG_ENABLE_OBJC_ARC = YES;
				CLANG_ENABLE_OBJC_WEAK = YES;
				CLANG_WARN_BLOCK_CAPTURE_AUTORELEASING = YES;
				CLANG_WARN_BOOL_CONVERSION = YES;
				CLANG_WARN_COMMA = YES;
				CLANG_WARN_CONSTANT_CONVERSION = YES;
				CLANG_WARN_DEPRECATED_OBJC_IMPLEMENTATIONS = YES;
				CLANG_WARN_DIRECT_OBJC_ISA_USAGE = YES_ERROR;
				CLANG_WARN_DOCUMENTATION_COMMENTS = YES;
				CLANG_WARN_EMPTY_BODY = YES;
				CLANG_WARN_ENUM_CONVERSION = YES;
				CLANG_WARN_INFINITE_RECURSION = YES;
				CLANG_WARN_INT_CONVERSION = YES;
				CLANG_WARN_NON_LITERAL_NULL_CONVERSION = YES;
				CLANG_WARN_OBJC_IMPLICIT_RETAIN_SELF = YES;
				CLANG_WARN_OBJC_LITERAL_CONVERSION = YES;
				CLANG_WARN_OBJC_ROOT_CLASS = YES_ERROR;
				CLANG_WARN_RANGE_LOOP_ANALYSIS = YES;
				CLANG_WARN_STRICT_PROTOTYPES = YES;
				CLANG_WARN_SUSPICIOUS_MOVE = YES;
				CLANG_WARN_UNGUARDED_AVAILABILITY = YES_AGGRESSIVE;
				CLANG_WARN_UNREACHABLE_CODE = YES;
				CLANG_WARN__DUPLICATE_METHOD_MATCH = YES;
				COPY_PHASE_STRIP = NO;
				DEBUG_INFORMATION_FORMAT = dwarf;
				ENABLE_STRICT_OBJC_MSGSEND = YES;
				ENABLE_TESTABILITY = YES;
				GCC_C_LANGUAGE_STANDARD = gnu11;
				GCC_DYNAMIC_NO_PIC = NO;
				GCC_NO_COMMON_BLOCKS = YES;
				GCC_OPTIMIZATION_LEVEL = 0;
				GCC_PREPROCESSOR_DEFINITIONS = (
					"DEBUG=1",
					"$(inherited)",
				);
				GCC_WARN_64_TO_32_BIT_CONVERSION = YES;
				GCC_WARN_ABOUT_RETURN_TYPE = YES_ERROR;
				GCC_WARN_UNDECLARED_SELECTOR = YES;
				GCC_WARN_UNINITIALIZED_AUTOS = YES_AGGRESSIVE;
				GCC_WARN_UNUSED_FUNCTION = YES;
				GCC_WARN_UNUSED_VARIABLE = YES;
				IPHONEOS_DEPLOYMENT_TARGET = 13.2;
				MTL_ENABLE_DEBUG_INFO = INCLUDE_SOURCE;
				MTL_FAST_MATH = YES;
				ONLY_ACTIVE_ARCH = YES;
				SDKROOT = iphoneos;
			};
			name = Debug;
		};
		DC57C06D24164F5F00053931 /* Release */ = {
			isa = XCBuildConfiguration;
			buildSettings = {
				ALWAYS_SEARCH_USER_PATHS = NO;
				CLANG_ANALYZER_NONNULL = YES;
				CLANG_ANALYZER_NUMBER_OBJECT_CONVERSION = YES_AGGRESSIVE;
				CLANG_CXX_LANGUAGE_STANDARD = "gnu++14";
				CLANG_CXX_LIBRARY = "libc++";
				CLANG_ENABLE_MODULES = YES;
				CLANG_ENABLE_OBJC_ARC = YES;
				CLANG_ENABLE_OBJC_WEAK = YES;
				CLANG_WARN_BLOCK_CAPTURE_AUTORELEASING = YES;
				CLANG_WARN_BOOL_CONVERSION = YES;
				CLANG_WARN_COMMA = YES;
				CLANG_WARN_CONSTANT_CONVERSION = YES;
				CLANG_WARN_DEPRECATED_OBJC_IMPLEMENTATIONS = YES;
				CLANG_WARN_DIRECT_OBJC_ISA_USAGE = YES_ERROR;
				CLANG_WARN_DOCUMENTATION_COMMENTS = YES;
				CLANG_WARN_EMPTY_BODY = YES;
				CLANG_WARN_ENUM_CONVERSION = YES;
				CLANG_WARN_INFINITE_RECURSION = YES;
				CLANG_WARN_INT_CONVERSION = YES;
				CLANG_WARN_NON_LITERAL_NULL_CONVERSION = YES;
				CLANG_WARN_OBJC_IMPLICIT_RETAIN_SELF = YES;
				CLANG_WARN_OBJC_LITERAL_CONVERSION = YES;
				CLANG_WARN_OBJC_ROOT_CLASS = YES_ERROR;
				CLANG_WARN_RANGE_LOOP_ANALYSIS = YES;
				CLANG_WARN_STRICT_PROTOTYPES = YES;
				CLANG_WARN_SUSPICIOUS_MOVE = YES;
				CLANG_WARN_UNGUARDED_AVAILABILITY = YES_AGGRESSIVE;
				CLANG_WARN_UNREACHABLE_CODE = YES;
				CLANG_WARN__DUPLICATE_METHOD_MATCH = YES;
				COPY_PHASE_STRIP = NO;
				DEBUG_INFORMATION_FORMAT = "dwarf-with-dsym";
				ENABLE_NS_ASSERTIONS = NO;
				ENABLE_STRICT_OBJC_MSGSEND = YES;
				GCC_C_LANGUAGE_STANDARD = gnu11;
				GCC_NO_COMMON_BLOCKS = YES;
				GCC_WARN_64_TO_32_BIT_CONVERSION = YES;
				GCC_WARN_ABOUT_RETURN_TYPE = YES_ERROR;
				GCC_WARN_UNDECLARED_SELECTOR = YES;
				GCC_WARN_UNINITIALIZED_AUTOS = YES_AGGRESSIVE;
				GCC_WARN_UNUSED_FUNCTION = YES;
				GCC_WARN_UNUSED_VARIABLE = YES;
				IPHONEOS_DEPLOYMENT_TARGET = 13.2;
				MTL_ENABLE_DEBUG_INFO = NO;
				MTL_FAST_MATH = YES;
				SDKROOT = iphoneos;
				VALIDATE_PRODUCT = YES;
			};
			name = Release;
		};
		DC57C06F24164F6000053931 /* Debug */ = {
			isa = XCBuildConfiguration;
			buildSettings = {
				ASSETCATALOG_COMPILER_APPICON_NAME = AppIcon;
				CODE_SIGN_STYLE = Automatic;
				INFOPLIST_FILE = BouncBall/Info.plist;
				LD_RUNPATH_SEARCH_PATHS = (
					"$(inherited)",
					"@executable_path/Frameworks",
				);
				PRODUCT_BUNDLE_IDENTIFIER = iti.BouncBall;
				PRODUCT_NAME = "$(TARGET_NAME)";
				TARGETED_DEVICE_FAMILY = "1,2";
			};
			name = Debug;
		};
		DC57C07024164F6000053931 /* Release */ = {
			isa = XCBuildConfiguration;
			buildSettings = {
				ASSETCATALOG_COMPILER_APPICON_NAME = AppIcon;
				CODE_SIGN_STYLE = Automatic;
				INFOPLIST_FILE = BouncBall/Info.plist;
				LD_RUNPATH_SEARCH_PATHS = (
					"$(inherited)",
					"@executable_path/Frameworks",
				);
				PRODUCT_BUNDLE_IDENTIFIER = iti.BouncBall;
				PRODUCT_NAME = "$(TARGET_NAME)";
				TARGETED_DEVICE_FAMILY = "1,2";
			};
			name = Release;
		};
/* End XCBuildConfiguration section */

/* Begin XCConfigurationList section */
		DC57C05024164F5500053931 /* Build configuration list for PBXProject "BouncBall" */ = {
			isa = XCConfigurationList;
			buildConfigurations = (
				DC57C06C24164F5F00053931 /* Debug */,
				DC57C06D24164F5F00053931 /* Release */,
			);
			defaultConfigurationIsVisible = 0;
			defaultConfigurationName = Release;
		};
		DC57C06E24164F6000053931 /* Build configuration list for PBXNativeTarget "BouncBall" */ = {
			isa = XCConfigurationList;
			buildConfigurations = (
				DC57C06F24164F6000053931 /* Debug */,
				DC57C07024164F6000053931 /* Release */,
			);
			defaultConfigurationIsVisible = 0;
			defaultConfigurationName = Release;
		};
/* End XCConfigurationList section */
	};
	rootObject = DC57C04D24164F5500053931 /* Project object */;
}
