// !$*UTF8*$!
{
	archiveVersion = 1;
	classes = {
	};
	objectVersion = 50;
	objects = {

/* Begin PBXBuildFile section */
		DC571F7F241392A000A03767 /* AppDelegate.m in Sources */ = {isa = PBXBuildFile; fileRef = DC571F7E241392A000A03767 /* AppDelegate.m */; };
		DC571F82241392A000A03767 /* SceneDelegate.m in Sources */ = {isa = PBXBuildFile; fileRef = DC571F81241392A000A03767 /* SceneDelegate.m */; };
		DC571F85241392A000A03767 /* ViewController.m in Sources */ = {isa = PBXBuildFile; fileRef = DC571F84241392A000A03767 /* ViewController.m */; };
		DC571F88241392A000A03767 /* Main.storyboard in Resources */ = {isa = PBXBuildFile; fileRef = DC571F86241392A000A03767 /* Main.storyboard */; };
		DC571F8A241392A500A03767 /* Assets.xcassets in Resources */ = {isa = PBXBuildFile; fileRef = DC571F89241392A500A03767 /* Assets.xcassets */; };
		DC571F8D241392A500A03767 /* LaunchScreen.storyboard in Resources */ = {isa = PBXBuildFile; fileRef = DC571F8B241392A500A03767 /* LaunchScreen.storyboard */; };
		DC571F90241392A500A03767 /* main.m in Sources */ = {isa = PBXBuildFile; fileRef = DC571F8F241392A500A03767 /* main.m */; };
		DC571F9B2413945100A03767 /* SecondViewController.m in Sources */ = {isa = PBXBuildFile; fileRef = DC571F9A2413945100A03767 /* SecondViewController.m */; };
/* End PBXBuildFile section */

/* Begin PBXFileReference section */
		DC571F7A241392A000A03767 /* NavigationCotroller.app */ = {isa = PBXFileReference; explicitFileType = wrapper.application; includeInIndex = 0; path = NavigationCotroller.app; sourceTree = BUILT_PRODUCTS_DIR; };
		DC571F7D241392A000A03767 /* AppDelegate.h */ = {isa = PBXFileReference; lastKnownFileType = sourcecode.c.h; path = AppDelegate.h; sourceTree = "<group>"; };
		DC571F7E241392A000A03767 /* AppDelegate.m */ = {isa = PBXFileReference; lastKnownFileType = sourcecode.c.objc; path = AppDelegate.m; sourceTree = "<group>"; };
		DC571F80241392A000A03767 /* SceneDelegate.h */ = {isa = PBXFileReference; lastKnownFileType = sourcecode.c.h; path = SceneDelegate.h; sourceTree = "<group>"; };
		DC571F81241392A000A03767 /* SceneDelegate.m */ = {isa = PBXFileReference; lastKnownFileType = sourcecode.c.objc; path = SceneDelegate.m; sourceTree = "<group>"; };
		DC571F83241392A000A03767 /* ViewController.h */ = {isa = PBXFileReference; lastKnownFileType = sourcecode.c.h; path = ViewController.h; sourceTree = "<group>"; };
		DC571F84241392A000A03767 /* ViewController.m */ = {isa = PBXFileReference; lastKnownFileType = sourcecode.c.objc; path = ViewController.m; sourceTree = "<group>"; };
		DC571F87241392A000A03767 /* Base */ = {isa = PBXFileReference; lastKnownFileType = file.storyboard; name = Base; path = Base.lproj/Main.storyboard; sourceTree = "<group>"; };
		DC571F89241392A500A03767 /* Assets.xcassets */ = {isa = PBXFileReference; lastKnownFileType = folder.assetcatalog; path = Assets.xcassets; sourceTree = "<group>"; };
		DC571F8C241392A500A03767 /* Base */ = {isa = PBXFileReference; lastKnownFileType = file.storyboard; name = Base; path = Base.lproj/LaunchScreen.storyboard; sourceTree = "<group>"; };
		DC571F8E241392A500A03767 /* Info.plist */ = {isa = PBXFileReference; lastKnownFileType = text.plist.xml; path = Info.plist; sourceTree = "<group>"; };
		DC571F8F241392A500A03767 /* main.m */ = {isa = PBXFileReference; lastKnownFileType = sourcecode.c.objc; path = main.m; sourceTree = "<group>"; };
		DC571F992413945100A03767 /* SecondViewController.h */ = {isa = PBXFileReference; lastKnownFileType = sourcecode.c.h; path = SecondViewController.h; sourceTree = "<group>"; };
		DC571F9A2413945100A03767 /* SecondViewController.m */ = {isa = PBXFileReference; lastKnownFileType = sourcecode.c.objc; path = SecondViewController.m; sourceTree = "<group>"; };
/* End PBXFileReference section */

/* Begin PBXFrameworksBuildPhase section */
		DC571F77241392A000A03767 /* Frameworks */ = {
			isa = PBXFrameworksBuildPhase;
			buildActionMask = 2147483647;
			files = (
			);
			runOnlyForDeploymentPostprocessing = 0;
		};
/* End PBXFrameworksBuildPhase section */

/* Begin PBXGroup section */
		DC571F712413929F00A03767 = {
			isa = PBXGroup;
			children = (
				DC571F992413945100A03767 /* SecondViewController.h */,
				DC571F9A2413945100A03767 /* SecondViewController.m */,
				DC571F7C241392A000A03767 /* NavigationCotroller */,
				DC571F7B241392A000A03767 /* Products */,
			);
			sourceTree = "<group>";
		};
		DC571F7B241392A000A03767 /* Products */ = {
			isa = PBXGroup;
			children = (
				DC571F7A241392A000A03767 /* NavigationCotroller.app */,
			);
			name = Products;
			sourceTree = "<group>";
		};
		DC571F7C241392A000A03767 /* NavigationCotroller */ = {
			isa = PBXGroup;
			children = (
				DC571F7D241392A000A03767 /* AppDelegate.h */,
				DC571F7E241392A000A03767 /* AppDelegate.m */,
				DC571F80241392A000A03767 /* SceneDelegate.h */,
				DC571F81241392A000A03767 /* SceneDelegate.m */,
				DC571F83241392A000A03767 /* ViewController.h */,
				DC571F84241392A000A03767 /* ViewController.m */,
				DC571F86241392A000A03767 /* Main.storyboard */,
				DC571F89241392A500A03767 /* Assets.xcassets */,
				DC571F8B241392A500A03767 /* LaunchScreen.storyboard */,
				DC571F8E241392A500A03767 /* Info.plist */,
				DC571F8F241392A500A03767 /* main.m */,
			);
			path = NavigationCotroller;
			sourceTree = "<group>";
		};
/* End PBXGroup section */

/* Begin PBXNativeTarget section */
		DC571F79241392A000A03767 /* NavigationCotroller */ = {
			isa = PBXNativeTarget;
			buildConfigurationList = DC571F93241392A500A03767 /* Build configuration list for PBXNativeTarget "NavigationCotroller" */;
			buildPhases = (
				DC571F76241392A000A03767 /* Sources */,
				DC571F77241392A000A03767 /* Frameworks */,
				DC571F78241392A000A03767 /* Resources */,
			);
			buildRules = (
			);
			dependencies = (
			);
			name = NavigationCotroller;
			productName = NavigationCotroller;
			productReference = DC571F7A241392A000A03767 /* NavigationCotroller.app */;
			productType = "com.apple.product-type.application";
		};
/* End PBXNativeTarget section */

/* Begin PBXProject section */
		DC571F722413929F00A03767 /* Project object */ = {
			isa = PBXProject;
			attributes = {
				LastUpgradeCheck = 1130;
				ORGANIZATIONNAME = Ashraf;
				TargetAttributes = {
					DC571F79241392A000A03767 = {
						CreatedOnToolsVersion = 11.3.1;
					};
				};
			};
			buildConfigurationList = DC571F752413929F00A03767 /* Build configuration list for PBXProject "NavigationCotroller" */;
			compatibilityVersion = "Xcode 9.3";
			developmentRegion = en;
			hasScannedForEncodings = 0;
			knownRegions = (
				en,
				Base,
			);
			mainGroup = DC571F712413929F00A03767;
			productRefGroup = DC571F7B241392A000A03767 /* Products */;
			projectDirPath = "";
			projectRoot = "";
			targets = (
				DC571F79241392A000A03767 /* NavigationCotroller */,
			);
		};
/* End PBXProject section */

/* Begin PBXResourcesBuildPhase section */
		DC571F78241392A000A03767 /* Resources */ = {
			isa = PBXResourcesBuildPhase;
			buildActionMask = 2147483647;
			files = (
				DC571F8D241392A500A03767 /* LaunchScreen.storyboard in Resources */,
				DC571F8A241392A500A03767 /* Assets.xcassets in Resources */,
				DC571F88241392A000A03767 /* Main.storyboard in Resources */,
			);
			runOnlyForDeploymentPostprocessing = 0;
		};
/* End PBXResourcesBuildPhase section */

/* Begin PBXSourcesBuildPhase section */
		DC571F76241392A000A03767 /* Sources */ = {
			isa = PBXSourcesBuildPhase;
			buildActionMask = 2147483647;
			files = (
				DC571F9B2413945100A03767 /* SecondViewController.m in Sources */,
				DC571F85241392A000A03767 /* ViewController.m in Sources */,
				DC571F7F241392A000A03767 /* AppDelegate.m in Sources */,
				DC571F90241392A500A03767 /* main.m in Sources */,
				DC571F82241392A000A03767 /* SceneDelegate.m in Sources */,
			);
			runOnlyForDeploymentPostprocessing = 0;
		};
/* End PBXSourcesBuildPhase section */

/* Begin PBXVariantGroup section */
		DC571F86241392A000A03767 /* Main.storyboard */ = {
			isa = PBXVariantGroup;
			children = (
				DC571F87241392A000A03767 /* Base */,
			);
			name = Main.storyboard;
			sourceTree = "<group>";
		};
		DC571F8B241392A500A03767 /* LaunchScreen.storyboard */ = {
			isa = PBXVariantGroup;
			children = (
				DC571F8C241392A500A03767 /* Base */,
			);
			name = LaunchScreen.storyboard;
			sourceTree = "<group>";
		};
/* End PBXVariantGroup section */

/* Begin XCBuildConfiguration section */
		DC571F91241392A500A03767 /* Debug */ = {
			isa = XCBuildConfiguration;
			buildSettings = {
				ALWAYS_SEARCH_USER_PATHS = NO;
				CLANG_ANALYZER_NONNULL = YES;
				CLANG_ANALYZER_NUMBER_OBJECT_CONVERSION = YES_AGGRESSIVE;
				CLANG_CXX_LANGUAGE_STANDARD = "gnu++14";
				CLANG_CXX_LIBRARY = "libc++";
				CLANG_ENABLE_MODULES = YES;
				CLANG_ENABLE_OBJC_ARC = YES;
				CLANG_ENABLE_OBJC_WEAK = YES;
				CLANG_WARN_BLOCK_CAPTURE_AUTORELEASING = YES;
				CLANG_WARN_BOOL_CONVERSION = YES;
				CLANG_WARN_COMMA = YES;
				CLANG_WARN_CONSTANT_CONVERSION = YES;
				CLANG_WARN_DEPRECATED_OBJC_IMPLEMENTATIONS = YES;
				CLANG_WARN_DIRECT_OBJC_ISA_USAGE = YES_ERROR;
				CLANG_WARN_DOCUMENTATION_COMMENTS = YES;
				CLANG_WARN_EMPTY_BODY = YES;
				CLANG_WARN_ENUM_CONVERSION = YES;
				CLANG_WARN_INFINITE_RECURSION = YES;
				CLANG_WARN_INT_CONVERSION = YES;
				CLANG_WARN_NON_LITERAL_NULL_CONVERSION = YES;
				CLANG_WARN_OBJC_IMPLICIT_RETAIN_SELF = YES;
				CLANG_WARN_OBJC_LITERAL_CONVERSION = YES;
				CLANG_WARN_OBJC_ROOT_CLASS = YES_ERROR;
				CLANG_WARN_RANGE_LOOP_ANALYSIS = YES;
				CLANG_WARN_STRICT_PROTOTYPES = YES;
				CLANG_WARN_SUSPICIOUS_MOVE = YES;
				CLANG_WARN_UNGUARDED_AVAILABILITY = YES_AGGRESSIVE;
				CLANG_WARN_UNREACHABLE_CODE = YES;
				CLANG_WARN__DUPLICATE_METHOD_MATCH = YES;
				COPY_PHASE_STRIP = NO;
				DEBUG_INFORMATION_FORMAT = dwarf;
				ENABLE_STRICT_OBJC_MSGSEND = YES;
				ENABLE_TESTABILITY = YES;
				GCC_C_LANGUAGE_STANDARD = gnu11;
				GCC_DYNAMIC_NO_PIC = NO;
				GCC_NO_COMMON_BLOCKS = YES;
				GCC_OPTIMIZATION_LEVEL = 0;
				GCC_PREPROCESSOR_DEFINITIONS = (
					"DEBUG=1",
					"$(inherited)",
				);
				GCC_WARN_64_TO_32_BIT_CONVERSION = YES;
				GCC_WARN_ABOUT_RETURN_TYPE = YES_ERROR;
				GCC_WARN_UNDECLARED_SELECTOR = YES;
				GCC_WARN_UNINITIALIZED_AUTOS = YES_AGGRESSIVE;
				GCC_WARN_UNUSED_FUNCTION = YES;
				GCC_WARN_UNUSED_VARIABLE = YES;
				IPHONEOS_DEPLOYMENT_TARGET = 13.2;
				MTL_ENABLE_DEBUG_INFO = INCLUDE_SOURCE;
				MTL_FAST_MATH = YES;
				ONLY_ACTIVE_ARCH = YES;
				SDKROOT = iphoneos;
			};
			name = Debug;
		};
		DC571F92241392A500A03767 /* Release */ = {
			isa = XCBuildConfiguration;
			buildSettings = {
				ALWAYS_SEARCH_USER_PATHS = NO;
				CLANG_ANALYZER_NONNULL = YES;
				CLANG_ANALYZER_NUMBER_OBJECT_CONVERSION = YES_AGGRESSIVE;
				CLANG_CXX_LANGUAGE_STANDARD = "gnu++14";
				CLANG_CXX_LIBRARY = "libc++";
				CLANG_ENABLE_MODULES = YES;
				CLANG_ENABLE_OBJC_ARC = YES;
				CLANG_ENABLE_OBJC_WEAK = YES;
				CLANG_WARN_BLOCK_CAPTURE_AUTORELEASING = YES;
				CLANG_WARN_BOOL_CONVERSION = YES;
				CLANG_WARN_COMMA = YES;
				CLANG_WARN_CONSTANT_CONVERSION = YES;
				CLANG_WARN_DEPRECATED_OBJC_IMPLEMENTATIONS = YES;
				CLANG_WARN_DIRECT_OBJC_ISA_USAGE = YES_ERROR;
				CLANG_WARN_DOCUMENTATION_COMMENTS = YES;
				CLANG_WARN_EMPTY_BODY = YES;
				CLANG_WARN_ENUM_CONVERSION = YES;
				CLANG_WARN_INFINITE_RECURSION = YES;
				CLANG_WARN_INT_CONVERSION = YES;
				CLANG_WARN_NON_LITERAL_NULL_CONVERSION = YES;
				CLANG_WARN_OBJC_IMPLICIT_RETAIN_SELF = YES;
				CLANG_WARN_OBJC_LITERAL_CONVERSION = YES;
				CLANG_WARN_OBJC_ROOT_CLASS = YES_ERROR;
				CLANG_WARN_RANGE_LOOP_ANALYSIS = YES;
				CLANG_WARN_STRICT_PROTOTYPES = YES;
				CLANG_WARN_SUSPICIOUS_MOVE = YES;
				CLANG_WARN_UNGUARDED_AVAILABILITY = YES_AGGRESSIVE;
				CLANG_WARN_UNREACHABLE_CODE = YES;
				CLANG_WARN__DUPLICATE_METHOD_MATCH = YES;
				COPY_PHASE_STRIP = NO;
				DEBUG_INFORMATION_FORMAT = "dwarf-with-dsym";
				ENABLE_NS_ASSERTIONS = NO;
				ENABLE_STRICT_OBJC_MSGSEND = YES;
				GCC_C_LANGUAGE_STANDARD = gnu11;
				GCC_NO_COMMON_BLOCKS = YES;
				GCC_WARN_64_TO_32_BIT_CONVERSION = YES;
				GCC_WARN_ABOUT_RETURN_TYPE = YES_ERROR;
				GCC_WARN_UNDECLARED_SELECTOR = YES;
				GCC_WARN_UNINITIALIZED_AUTOS = YES_AGGRESSIVE;
				GCC_WARN_UNUSED_FUNCTION = YES;
				GCC_WARN_UNUSED_VARIABLE = YES;
				IPHONEOS_DEPLOYMENT_TARGET = 13.2;
				MTL_ENABLE_DEBUG_INFO = NO;
				MTL_FAST_MATH = YES;
				SDKROOT = iphoneos;
				VALIDATE_PRODUCT = YES;
			};
			name = Release;
		};
		DC571F94241392A500A03767 /* Debug */ = {
			isa = XCBuildConfiguration;
			buildSettings = {
				ASSETCATALOG_COMPILER_APPICON_NAME = AppIcon;
				CODE_SIGN_STYLE = Automatic;
				INFOPLIST_FILE = NavigationCotroller/Info.plist;
				LD_RUNPATH_SEARCH_PATHS = (
					"$(inherited)",
					"@executable_path/Frameworks",
				);
				PRODUCT_BUNDLE_IDENTIFIER = iti.NavigationCotroller;
				PRODUCT_NAME = "$(TARGET_NAME)";
				TARGETED_DEVICE_FAMILY = "1,2";
			};
			name = Debug;
		};
		DC571F95241392A500A03767 /* Release */ = {
			isa = XCBuildConfiguration;
			buildSettings = {
				ASSETCATALOG_COMPILER_APPICON_NAME = AppIcon;
				CODE_SIGN_STYLE = Automatic;
				INFOPLIST_FILE = NavigationCotroller/Info.plist;
				LD_RUNPATH_SEARCH_PATHS = (
					"$(inherited)",
					"@executable_path/Frameworks",
				);
				PRODUCT_BUNDLE_IDENTIFIER = iti.NavigationCotroller;
				PRODUCT_NAME = "$(TARGET_NAME)";
				TARGETED_DEVICE_FAMILY = "1,2";
			};
			name = Release;
		};
/* End XCBuildConfiguration section */

/* Begin XCConfigurationList section */
		DC571F752413929F00A03767 /* Build configuration list for PBXProject "NavigationCotroller" */ = {
			isa = XCConfigurationList;
			buildConfigurations = (
				DC571F91241392A500A03767 /* Debug */,
				DC571F92241392A500A03767 /* Release */,
			);
			defaultConfigurationIsVisible = 0;
			defaultConfigurationName = Release;
		};
		DC571F93241392A500A03767 /* Build configuration list for PBXNativeTarget "NavigationCotroller" */ = {
			isa = XCConfigurationList;
			buildConfigurations = (
				DC571F94241392A500A03767 /* Debug */,
				DC571F95241392A500A03767 /* Release */,
			);
			defaultConfigurationIsVisible = 0;
			defaultConfigurationName = Release;
		};
/* End XCConfigurationList section */
	};
	rootObject = DC571F722413929F00A03767 /* Project object */;
}
